
Microsoft Visual Studio Solution File, Format Version 12.00
# Visual Studio 15
VisualStudioVersion = 15.0.26724.1
MinimumVisualStudioVersion = 10.0.40219.1
Project("{FAE04EC0-301F-11D3-BF4B-00C04F79EFBC}") = "Kata20170728_StringAverage", "Kata20170728_StringAverage\Kata20170728_StringAverage.csproj", "{5BEE247B-FBD8-48E0-A1B0-203F473680A6}"
EndProject
Global
	GlobalSection(SolutionConfigurationPlatforms) = preSolution
		Debug|Any CPU = Debug|Any CPU
		Release|Any CPU = Release|Any CPU
	EndGlobalSection
	GlobalSection(ProjectConfigurationPlatforms) = postSolution
		{5BEE247B-FBD8-48E0-A1B0-203F473680A6}.Debug|Any CPU.ActiveCfg = Debug|Any CPU
		{5BEE247B-FBD8-48E0-A1B0-203F473680A6}.Debug|Any CPU.Build.0 = Debug|Any CPU
		{5BEE247B-FBD8-48E0-A1B0-203F473680A6}.Release|Any CPU.ActiveCfg = Release|Any CPU
		{5BEE247B-FBD8-48E0-A1B0-203F473680A6}.Release|Any CPU.Build.0 = Release|Any CPU
	EndGlobalSection
	GlobalSection(SolutionProperties) = preSolution
		HideSolutionNode = FALSE
	EndGlobalSection
	GlobalSection(ExtensibilityGlobals) = postSolution
		SolutionGuid = {0B7EB888-0766-43E6-8674-FA7D7F7475C0}
	EndGlobalSection
	GlobalSection(CodealikeProperties) = postSolution
		SolutionGuid = e00d319c-73ac-4c87-8da0-b22e2388760c
	EndGlobalSection
EndGlobal
